
Microsoft Visual Studio Solution File, Format Version 12.00
# Visual Studio Version 17
VisualStudioVersion = 17.4.33122.133
MinimumVisualStudioVersion = 10.0.40219.1
Project("{FAE04EC0-301F-11D3-BF4B-00C04F79EFBC}") = "LoemeNatukeFaili", "LoemeNatukeFaili.csproj", "{5E07DF3E-D30D-4D69-BD7B-04CFB4023541}"
EndProject
Global
	GlobalSection(SolutionConfigurationPlatforms) = preSolution
		Debug|Any CPU = Debug|Any CPU
		Release|Any CPU = Release|Any CPU
	EndGlobalSection
	GlobalSection(ProjectConfigurationPlatforms) = postSolution
		{5E07DF3E-D30D-4D69-BD7B-04CFB4023541}.Debug|Any CPU.ActiveCfg = Debug|Any CPU
		{5E07DF3E-D30D-4D69-BD7B-04CFB4023541}.Debug|Any CPU.Build.0 = Debug|Any CPU
		{5E07DF3E-D30D-4D69-BD7B-04CFB4023541}.Release|Any CPU.ActiveCfg = Release|Any CPU
		{5E07DF3E-D30D-4D69-BD7B-04CFB4023541}.Release|Any CPU.Build.0 = Release|Any CPU
	EndGlobalSection
	GlobalSection(SolutionProperties) = preSolution
		HideSolutionNode = FALSE
	EndGlobalSection
	GlobalSection(ExtensibilityGlobals) = postSolution
		SolutionGuid = {2102B086-1376-4853-96DB-974B2F0FBE79}
	EndGlobalSection
EndGlobal
